
Microsoft Visual Studio Solution File, Format Version 12.00
# Visual Studio Version 16
VisualStudioVersion = 16.0.30413.136
MinimumVisualStudioVersion = 10.0.40219.1
Project("{FAE04EC0-301F-11D3-BF4B-00C04F79EFBC}") = "vending machine", "vending machine\vending machine.csproj", "{A69B98A4-FF68-4C77-A4A2-98930F1CC374}"
EndProject
Global
	GlobalSection(SolutionConfigurationPlatforms) = preSolution
		Debug|Any CPU = Debug|Any CPU
		Release|Any CPU = Release|Any CPU
	EndGlobalSection
	GlobalSection(ProjectConfigurationPlatforms) = postSolution
		{A69B98A4-FF68-4C77-A4A2-98930F1CC374}.Debug|Any CPU.ActiveCfg = Debug|Any CPU
		{A69B98A4-FF68-4C77-A4A2-98930F1CC374}.Debug|Any CPU.Build.0 = Debug|Any CPU
		{A69B98A4-FF68-4C77-A4A2-98930F1CC374}.Release|Any CPU.ActiveCfg = Release|Any CPU
		{A69B98A4-FF68-4C77-A4A2-98930F1CC374}.Release|Any CPU.Build.0 = Release|Any CPU
	EndGlobalSection
	GlobalSection(SolutionProperties) = preSolution
		HideSolutionNode = FALSE
	EndGlobalSection
	GlobalSection(ExtensibilityGlobals) = postSolution
		SolutionGuid = {7D677113-59D8-4821-A5A3-84A75D187930}
	EndGlobalSection
EndGlobal
